
Microsoft Visual Studio Solution File, Format Version 12.00
# Visual Studio Version 17
VisualStudioVersion = 17.4.33103.184
MinimumVisualStudioVersion = 10.0.40219.1
Project("{9A19103F-16F7-4668-BE54-9A1E7A4F7556}") = "OVB.Study.gRPC", "OVB.Study.gRPC\OVB.Study.gRPC.csproj", "{6561027E-894A-4632-B759-961273FD8E33}"
EndProject
Project("{9A19103F-16F7-4668-BE54-9A1E7A4F7556}") = "OVB.Study.gRPC.Client", "OVB.Study.gRPC.Client\OVB.Study.gRPC.Client.csproj", "{FE77978C-969B-4D94-B7DF-E1A694A760BE}"
EndProject
Global
	GlobalSection(SolutionConfigurationPlatforms) = preSolution
		Debug|Any CPU = Debug|Any CPU
		Release|Any CPU = Release|Any CPU
	EndGlobalSection
	GlobalSection(ProjectConfigurationPlatforms) = postSolution
		{6561027E-894A-4632-B759-961273FD8E33}.Debug|Any CPU.ActiveCfg = Debug|Any CPU
		{6561027E-894A-4632-B759-961273FD8E33}.Debug|Any CPU.Build.0 = Debug|Any CPU
		{6561027E-894A-4632-B759-961273FD8E33}.Release|Any CPU.ActiveCfg = Release|Any CPU
		{6561027E-894A-4632-B759-961273FD8E33}.Release|Any CPU.Build.0 = Release|Any CPU
		{FE77978C-969B-4D94-B7DF-E1A694A760BE}.Debug|Any CPU.ActiveCfg = Debug|Any CPU
		{FE77978C-969B-4D94-B7DF-E1A694A760BE}.Debug|Any CPU.Build.0 = Debug|Any CPU
		{FE77978C-969B-4D94-B7DF-E1A694A760BE}.Release|Any CPU.ActiveCfg = Release|Any CPU
		{FE77978C-969B-4D94-B7DF-E1A694A760BE}.Release|Any CPU.Build.0 = Release|Any CPU
	EndGlobalSection
	GlobalSection(SolutionProperties) = preSolution
		HideSolutionNode = FALSE
	EndGlobalSection
	GlobalSection(ExtensibilityGlobals) = postSolution
		SolutionGuid = {4F133158-32F9-450D-A547-FE895205F31E}
	EndGlobalSection
EndGlobal
